
Microsoft Visual Studio Solution File, Format Version 12.00
# Visual Studio Version 17
VisualStudioVersion = 17.13.35931.197 d17.13
MinimumVisualStudioVersion = 10.0.40219.1
Project("{FAE04EC0-301F-11D3-BF4B-00C04F79EFBC}") = "File_System", "File_System.csproj", "{9D645F11-B702-4301-952A-621BC30F0882}"
EndProject
Global
	GlobalSection(SolutionConfigurationPlatforms) = preSolution
		Debug|Any CPU = Debug|Any CPU
		Release|Any CPU = Release|Any CPU
	EndGlobalSection
	GlobalSection(ProjectConfigurationPlatforms) = postSolution
		{9D645F11-B702-4301-952A-621BC30F0882}.Debug|Any CPU.ActiveCfg = Debug|Any CPU
		{9D645F11-B702-4301-952A-621BC30F0882}.Debug|Any CPU.Build.0 = Debug|Any CPU
		{9D645F11-B702-4301-952A-621BC30F0882}.Release|Any CPU.ActiveCfg = Release|Any CPU
		{9D645F11-B702-4301-952A-621BC30F0882}.Release|Any CPU.Build.0 = Release|Any CPU
	EndGlobalSection
	GlobalSection(SolutionProperties) = preSolution
		HideSolutionNode = FALSE
	EndGlobalSection
	GlobalSection(ExtensibilityGlobals) = postSolution
		SolutionGuid = {C442B8BA-192E-48A4-9D7D-326BEA0D6C21}
	EndGlobalSection
EndGlobal
